lockfileVersion: 5.3

specifiers:
  axios: ^0.21.1
  micro-cors: ^0.1.1
  vercel: ^22.0.1

dependencies:
  axios: 0.21.1
  micro-cors: registry.nlark.com/micro-cors/0.1.1
  vercel: registry.nlark.com/vercel/22.0.1

packages:

  /@szmarczak/http-timer/1.1.2:
    resolution: {integrity: sha1-sWZeLEYaLNkvTBu/UNVFTeDUtCE=, tarball: '@szmarczak/http-timer/download/@szmarczak/http-timer-1.1.2.tgz'}
    engines: {node: '>=6'}
    dependencies:
      defer-to-connect: 1.1.3
    dev: false

  /ansi-align/3.0.0:
    resolution: {integrity: sha1-tTazcc9ofKrvI2wY0+If43l0Z8s=, tarball: ansi-align/download/ansi-align-3.0.0.tgz}
    dependencies:
      string-width: 3.1.0
    dev: false

  /ansi-regex/4.1.0:
    resolution: {integrity: sha1-i5+PCM8ay4Q3Vqg5yox+MWjFGZc=, tarball: ansi-regex/download/ansi-regex-4.1.0.tgz?cache=0&sync_timestamp=1618554239243&other_urls=https%3A%2F%2Fregistry.npm.taobao.org%2Fansi-regex%2Fdownload%2Fansi-regex-4.1.0.tgz}
    engines: {node: '>=6'}
    dev: false

  /ansi-regex/5.0.0:
    resolution: {integrity: sha1-OIU59VF5vzkznIGvMKZU1p+Hy3U=, tarball: ansi-regex/download/ansi-regex-5.0.0.tgz?cache=0&sync_timestamp=1618554239243&other_urls=https%3A%2F%2Fregistry.npm.taobao.org%2Fansi-regex%2Fdownload%2Fansi-regex-5.0.0.tgz}
    engines: {node: '>=8'}
    dev: false

  /arg/4.1.3:
    resolution: {integrity: sha1-Jp/HrVuOQstjyJbVZmAXJhwUQIk=, tarball: arg/download/arg-4.1.3.tgz}
    dev: false

  /axios/0.21.1:
    resolution: {integrity: sha1-IlY0gZYvTWvemnbVFu8OXTwJsrg=, tarball: axios/download/axios-0.21.1.tgz}
    dependencies:
      follow-redirects: registry.nlark.com/follow-redirects/1.14.1
    dev: false

  /boxen/4.2.0:
    resolution: {integrity: sha1-5BG2I1fW1tNlh8isPV2XTaoHDmQ=, tarball: boxen/download/boxen-4.2.0.tgz}
    engines: {node: '>=8'}
    dependencies:
      ansi-align: 3.0.0
      camelcase: 5.3.1
      chalk: registry.nlark.com/chalk/3.0.0
      cli-boxes: 2.2.1
      string-width: 4.2.2
      term-size: 2.2.1
      type-fest: registry.nlark.com/type-fest/0.8.1
      widest-line: registry.nlark.com/widest-line/3.1.0
    dev: false

  /buffer-from/1.1.1:
    resolution: {integrity: sha1-MnE7wCj3XAL9txDXx7zsHyxgcO8=, tarball: buffer-from/download/buffer-from-1.1.1.tgz}
    dev: false

  /cacheable-request/6.1.0:
    resolution: {integrity: sha1-IP+4vRYrpL4R6VZ9gj22UQUsqRI=, tarball: cacheable-request/download/cacheable-request-6.1.0.tgz}
    engines: {node: '>=8'}
    dependencies:
      clone-response: 1.0.2
      get-stream: 5.2.0
      http-cache-semantics: 4.1.0
      keyv: 3.1.0
      lowercase-keys: 2.0.0
      normalize-url: 4.5.0
      responselike: 1.0.2
    dev: false

  /camelcase/5.3.1:
    resolution: {integrity: sha1-48mzFWnhBoEd8kL3FXJaH0xJQyA=, tarball: camelcase/download/camelcase-5.3.1.tgz}
    engines: {node: '>=6'}
    dev: false

  /ci-info/2.0.0:
    resolution: {integrity: sha1-Z6npZL4xpR4V5QENWObxKDQAL0Y=, tarball: ci-info/download/ci-info-2.0.0.tgz}
    dev: false

  /cli-boxes/2.2.1:
    resolution: {integrity: sha1-3dUDXSUJT84iDpyrQKRYQKRAMY8=, tarball: cli-boxes/download/cli-boxes-2.2.1.tgz}
    engines: {node: '>=6'}
    dev: false

  /clone-response/1.0.2:
    resolution: {integrity: sha1-0dyXOSAxTfZ/vrlCI7TuNQI56Ws=, tarball: clone-response/download/clone-response-1.0.2.tgz}
    dependencies:
      mimic-response: 1.0.1
    dev: false

  /color-convert/2.0.1:
    resolution: {integrity: sha1-ctOmjVmMm9s68q0ehPIdiWq9TeM=, tarball: color-convert/download/color-convert-2.0.1.tgz}
    engines: {node: '>=7.0.0'}
    dependencies:
      color-name: 1.1.4
    dev: false

  /color-name/1.1.4:
    resolution: {integrity: sha1-wqCah6y95pVD3m9j+jmVyCbFNqI=, tarball: color-name/download/color-name-1.1.4.tgz}
    dev: false

  /configstore/5.0.1:
    resolution: {integrity: sha1-02UCG130uYzdGH1qOw4/anzF7ZY=, tarball: configstore/download/configstore-5.0.1.tgz}
    engines: {node: '>=8'}
    dependencies:
      dot-prop: 5.3.0
      graceful-fs: 4.2.6
      make-dir: 3.1.0
      unique-string: 2.0.0
      write-file-atomic: 3.0.3
      xdg-basedir: 4.0.0
    dev: false

  /crypto-random-string/2.0.0:
    resolution: {integrity: sha1-7yp6lm7BEIM4g2m6oC6+rSKbMNU=, tarball: crypto-random-string/download/crypto-random-string-2.0.0.tgz}
    engines: {node: '>=8'}
    dev: false

  /decompress-response/3.3.0:
    resolution: {integrity: sha1-gKTdMjdIOEv6JICDYirt7Jgq3/M=, tarball: decompress-response/download/decompress-response-3.3.0.tgz}
    engines: {node: '>=4'}
    dependencies:
      mimic-response: 1.0.1
    dev: false

  /deep-extend/0.6.0:
    resolution: {integrity: sha1-xPp8lUBKF6nD6Mp+FTcxK3NjMKw=, tarball: deep-extend/download/deep-extend-0.6.0.tgz}
    engines: {node: '>=4.0.0'}
    dev: false

  /defer-to-connect/1.1.3:
    resolution: {integrity: sha1-MxrgUMCNz3ifjIOnuB8O2U9KxZE=, tarball: defer-to-connect/download/defer-to-connect-1.1.3.tgz}
    dev: false

  /diff/4.0.2:
    resolution: {integrity: sha1-YPOuy4nV+uUgwRqhnvwruYKq3n0=, tarball: diff/download/diff-4.0.2.tgz}
    engines: {node: '>=0.3.1'}
    dev: false

  /dot-prop/5.3.0:
    resolution: {integrity: sha1-kMzOcIzZzYLMTcjD3dmr3VWyDog=, tarball: dot-prop/download/dot-prop-5.3.0.tgz}
    engines: {node: '>=8'}
    dependencies:
      is-obj: 2.0.0
    dev: false

  /duplexer3/0.1.4:
    resolution: {integrity: sha1-7gHdHKwO08vH/b6jfcCo8c4ALOI=, tarball: duplexer3/download/duplexer3-0.1.4.tgz}
    dev: false

  /emoji-regex/7.0.3:
    resolution: {integrity: sha1-kzoEBShgyF6DwSJHnEdIqOTHIVY=, tarball: emoji-regex/download/emoji-regex-7.0.3.tgz}
    dev: false

  /emoji-regex/8.0.0:
    resolution: {integrity: sha1-6Bj9ac5cz8tARZT4QpY79TFkzDc=, tarball: emoji-regex/download/emoji-regex-8.0.0.tgz}
    dev: false

  /end-of-stream/1.4.4:
    resolution: {integrity: sha1-WuZKX0UFe682JuwU2gyl5LJDHrA=, tarball: end-of-stream/download/end-of-stream-1.4.4.tgz}
    dependencies:
      once: 1.4.0
    dev: false

  /escape-goat/2.1.1:
    resolution: {integrity: sha1-Gy3HcANnbEV+x2Cy3GjttkgYhnU=, tarball: escape-goat/download/escape-goat-2.1.1.tgz}
    engines: {node: '>=8'}
    dev: false

  /get-stream/4.1.0:
    resolution: {integrity: sha1-wbJVV189wh1Zv8ec09K0axw6VLU=, tarball: get-stream/download/get-stream-4.1.0.tgz}
    engines: {node: '>=6'}
    dependencies:
      pump: 3.0.0
    dev: false

  /get-stream/5.2.0:
    resolution: {integrity: sha1-SWaheV7lrOZecGxLe+txJX1uItM=, tarball: get-stream/download/get-stream-5.2.0.tgz}
    engines: {node: '>=8'}
    dependencies:
      pump: 3.0.0
    dev: false

  /global-dirs/2.1.0:
    resolution: {integrity: sha1-6QRqScgG/wTWwYJeGWyPAJHo300=, tarball: global-dirs/download/global-dirs-2.1.0.tgz}
    engines: {node: '>=8'}
    dependencies:
      ini: 1.3.7
    dev: false

  /got/9.6.0:
    resolution: {integrity: sha1-7fRefWf5lUVwXeH3u+7rEhdl7YU=, tarball: got/download/got-9.6.0.tgz}
    engines: {node: '>=8.6'}
    dependencies:
      '@sindresorhus/is': registry.nlark.com/@sindresorhus/is/0.14.0
      '@szmarczak/http-timer': 1.1.2
      cacheable-request: 6.1.0
      decompress-response: 3.3.0
      duplexer3: 0.1.4
      get-stream: 4.1.0
      lowercase-keys: 1.0.1
      mimic-response: 1.0.1
      p-cancelable: registry.nlark.com/p-cancelable/1.1.0
      to-readable-stream: registry.nlark.com/to-readable-stream/1.0.0
      url-parse-lax: 3.0.0
    dev: false

  /graceful-fs/4.2.6:
    resolution: {integrity: sha1-/wQLKwhTsjw9MQJ1I3BvGIXXa+4=, tarball: graceful-fs/download/graceful-fs-4.2.6.tgz}
    dev: false

  /has-flag/4.0.0:
    resolution: {integrity: sha1-lEdx/ZyByBJlxNaUGGDaBrtZR5s=, tarball: has-flag/download/has-flag-4.0.0.tgz?cache=0&sync_timestamp=1618559697170&other_urls=https%3A%2F%2Fregistry.npm.taobao.org%2Fhas-flag%2Fdownload%2Fhas-flag-4.0.0.tgz}
    engines: {node: '>=8'}
    dev: false

  /has-yarn/2.1.0:
    resolution: {integrity: sha1-E34RNUp7W/EapctknPDG8/8rLnc=, tarball: has-yarn/download/has-yarn-2.1.0.tgz?cache=0&sync_timestamp=1616423201575&other_urls=https%3A%2F%2Fregistry.npm.taobao.org%2Fhas-yarn%2Fdownload%2Fhas-yarn-2.1.0.tgz}
    engines: {node: '>=8'}
    dev: false

  /http-cache-semantics/4.1.0:
    resolution: {integrity: sha1-SekcXL82yblLz81xwj1SSex045A=, tarball: http-cache-semantics/download/http-cache-semantics-4.1.0.tgz}
    dev: false

  /import-lazy/2.1.0:
    resolution: {integrity: sha1-BWmOPUXIjo1+nZLLBYTnfwlvPkM=, tarball: import-lazy/download/import-lazy-2.1.0.tgz}
    engines: {node: '>=4'}
    dev: false

  /imurmurhash/0.1.4:
    resolution: {integrity: sha1-khi5srkoojixPcT7a21XbyMUU+o=, tarball: imurmurhash/download/imurmurhash-0.1.4.tgz}
    engines: {node: '>=0.8.19'}
    dev: false

  /ini/1.3.7:
    resolution: {integrity: sha1-oJNj4ZEZcuoW16iFEAXYTPCamoQ=, tarball: ini/download/ini-1.3.7.tgz}
    dev: false

  /ini/1.3.8:
    resolution: {integrity: sha1-op2kJbSIBvNHZ6Tvzjlyaa8oQyw=, tarball: ini/download/ini-1.3.8.tgz}
    dev: false

  /is-ci/2.0.0:
    resolution: {integrity: sha1-a8YzQYGBDgS1wis9WJ/cpVAmQEw=, tarball: is-ci/download/is-ci-2.0.0.tgz}
    hasBin: true
    dependencies:
      ci-info: 2.0.0
    dev: false

  /is-fullwidth-code-point/2.0.0:
    resolution: {integrity: sha1-o7MKXE8ZkYMWeqq5O+764937ZU8=, tarball: is-fullwidth-code-point/download/is-fullwidth-code-point-2.0.0.tgz}
    engines: {node: '>=4'}
    dev: false

  /is-fullwidth-code-point/3.0.0:
    resolution: {integrity: sha1-8Rb4Bk/pCz94RKOJl8C3UFEmnx0=, tarball: is-fullwidth-code-point/download/is-fullwidth-code-point-3.0.0.tgz}
    engines: {node: '>=8'}
    dev: false

  /is-installed-globally/0.3.2:
    resolution: {integrity: sha1-/T76ee5nDRGHIzGC1bCh3QAxMUE=, tarball: is-installed-globally/download/is-installed-globally-0.3.2.tgz}
    engines: {node: '>=8'}
    dependencies:
      global-dirs: 2.1.0
      is-path-inside: registry.nlark.com/is-path-inside/3.0.3
    dev: false

  /is-npm/4.0.0:
    resolution: {integrity: sha1-yQ3YOAaW34enptgjwg0LErvjyE0=, tarball: is-npm/download/is-npm-4.0.0.tgz}
    engines: {node: '>=8'}
    dev: false

  /is-obj/2.0.0:
    resolution: {integrity: sha1-Rz+wXZc3BeP9liBUUBjKjiLvSYI=, tarball: is-obj/download/is-obj-2.0.0.tgz}
    engines: {node: '>=8'}
    dev: false

  /is-typedarray/1.0.0:
    resolution: {integrity: sha1-5HnICFjfDBsR3dppQPlgEfzaSpo=, tarball: is-typedarray/download/is-typedarray-1.0.0.tgz}
    dev: false

  /json-buffer/3.0.0:
    resolution: {integrity: sha1-Wx85evx11ne96Lz8Dkfh+aPZqJg=, tarball: json-buffer/download/json-buffer-3.0.0.tgz}
    dev: false

  /keyv/3.1.0:
    resolution: {integrity: sha1-7MIoSG9pmR5J6UdkhaW+Ho/FxNk=, tarball: keyv/download/keyv-3.1.0.tgz}
    dependencies:
      json-buffer: 3.0.0
    dev: false

  /latest-version/5.1.0:
    resolution: {integrity: sha1-EZ3+kI/jjRXfpD7NE/oS7Igy+s4=, tarball: latest-version/download/latest-version-5.1.0.tgz?cache=0&sync_timestamp=1616423201983&other_urls=https%3A%2F%2Fregistry.npm.taobao.org%2Flatest-version%2Fdownload%2Flatest-version-5.1.0.tgz}
    engines: {node: '>=8'}
    dependencies:
      package-json: 6.5.0
    dev: false

  /lowercase-keys/1.0.1:
    resolution: {integrity: sha1-b54wtHCE2XGnyCD/FabFFnt0wm8=, tarball: lowercase-keys/download/lowercase-keys-1.0.1.tgz}
    engines: {node: '>=0.10.0'}
    dev: false

  /lowercase-keys/2.0.0:
    resolution: {integrity: sha1-JgPni3tLAAbLyi+8yKMgJVislHk=, tarball: lowercase-keys/download/lowercase-keys-2.0.0.tgz}
    engines: {node: '>=8'}
    dev: false

  /make-dir/3.1.0:
    resolution: {integrity: sha1-QV6WcEazp/HRhSd9hKpYIDcmoT8=, tarball: make-dir/download/make-dir-3.1.0.tgz}
    engines: {node: '>=8'}
    dependencies:
      semver: 6.3.0
    dev: false

  /make-error/1.3.6:
    resolution: {integrity: sha1-LrLjfqm2fEiR9oShOUeZr0hM96I=, tarball: make-error/download/make-error-1.3.6.tgz}
    dev: false

  /mimic-response/1.0.1:
    resolution: {integrity: sha1-SSNTiHju9CBjy4o+OweYeBSHqxs=, tarball: mimic-response/download/mimic-response-1.0.1.tgz}
    engines: {node: '>=4'}
    dev: false

  /minimist/1.2.5:
    resolution: {integrity: sha1-Z9ZgFLZqaoqqDAg8X9WN9OTpdgI=, tarball: minimist/download/minimist-1.2.5.tgz}
    dev: false

  /normalize-url/4.5.0:
    resolution: {integrity: sha1-RTNUCH5sqWlXvY9br3U/WYIUISk=, tarball: normalize-url/download/normalize-url-4.5.0.tgz}
    engines: {node: '>=8'}
    dev: false

  /once/1.4.0:
    resolution: {integrity: sha1-WDsap3WWHUsROsF9nFC6753Xa9E=, tarball: once/download/once-1.4.0.tgz}
    dependencies:
      wrappy: registry.nlark.com/wrappy/1.0.2
    dev: false

  /package-json/6.5.0:
    resolution: {integrity: sha1-b+7ayjXnVyWHbQsOZJdGl/7RRbA=, tarball: package-json/download/package-json-6.5.0.tgz}
    engines: {node: '>=8'}
    dependencies:
      got: 9.6.0
      registry-auth-token: 4.2.1
      registry-url: registry.nlark.com/registry-url/5.1.0
      semver: 6.3.0
    dev: false

  /prepend-http/2.0.0:
    resolution: {integrity: sha1-6SQ0v6XqjBn0HN/UAddBo8gZ2Jc=, tarball: prepend-http/download/prepend-http-2.0.0.tgz}
    engines: {node: '>=4'}
    dev: false

  /pump/3.0.0:
    resolution: {integrity: sha1-tKIRaBW94vTh6mAjVOjHVWUQemQ=, tarball: pump/download/pump-3.0.0.tgz}
    dependencies:
      end-of-stream: 1.4.4
      once: 1.4.0
    dev: false

  /pupa/2.1.1:
    resolution: {integrity: sha1-9ej9SvwsXZeCj6pSNUnth0SiDWI=, tarball: pupa/download/pupa-2.1.1.tgz}
    engines: {node: '>=8'}
    dependencies:
      escape-goat: 2.1.1
    dev: false

  /rc/1.2.8:
    resolution: {integrity: sha1-zZJL9SAKB1uDwYjNa54hG3/A0+0=, tarball: rc/download/rc-1.2.8.tgz}
    hasBin: true
    dependencies:
      deep-extend: 0.6.0
      ini: 1.3.8
      minimist: 1.2.5
      strip-json-comments: 2.0.1
    dev: false

  /registry-auth-token/4.2.1:
    resolution: {integrity: sha1-bXtABkQZGJcszV/tzUHcMix5slA=, tarball: registry-auth-token/download/registry-auth-token-4.2.1.tgz}
    engines: {node: '>=6.0.0'}
    dependencies:
      rc: 1.2.8
    dev: false

  /responselike/1.0.2:
    resolution: {integrity: sha1-kYcg7ztjHFZCvgaPFa3lpG9Loec=, tarball: responselike/download/responselike-1.0.2.tgz}
    dependencies:
      lowercase-keys: 1.0.1
    dev: false

  /semver/6.3.0:
    resolution: {integrity: sha1-7gpkyK9ejO6mdoexM3YeG+y9HT0=, tarball: semver/download/semver-6.3.0.tgz}
    hasBin: true
    dev: false

  /signal-exit/3.0.3:
    resolution: {integrity: sha1-oUEMLt2PB3sItOJTyOrPyvBXRhw=, tarball: signal-exit/download/signal-exit-3.0.3.tgz}
    dev: false

  /source-map-support/0.5.19:
    resolution: {integrity: sha1-qYti+G3K9PZzmWSMCFKRq56P7WE=, tarball: source-map-support/download/source-map-support-0.5.19.tgz}
    dependencies:
      buffer-from: 1.1.1
      source-map: 0.6.1
    dev: false

  /source-map/0.6.1:
    resolution: {integrity: sha1-dHIq8y6WFOnCh6jQu95IteLxomM=, tarball: source-map/download/source-map-0.6.1.tgz}
    engines: {node: '>=0.10.0'}
    dev: false

  /string-width/3.1.0:
    resolution: {integrity: sha1-InZ74htirxCBV0MG9prFG2IgOWE=, tarball: string-width/download/string-width-3.1.0.tgz?cache=0&sync_timestamp=1618559696693&other_urls=https%3A%2F%2Fregistry.npm.taobao.org%2Fstring-width%2Fdownload%2Fstring-width-3.1.0.tgz}
    engines: {node: '>=6'}
    dependencies:
      emoji-regex: 7.0.3
      is-fullwidth-code-point: 2.0.0
      strip-ansi: 5.2.0
    dev: false

  /string-width/4.2.2:
    resolution: {integrity: sha1-2v1PlVmnWFz7pSnGoKT3NIjr1MU=, tarball: string-width/download/string-width-4.2.2.tgz?cache=0&sync_timestamp=1618559696693&other_urls=https%3A%2F%2Fregistry.npm.taobao.org%2Fstring-width%2Fdownload%2Fstring-width-4.2.2.tgz}
    engines: {node: '>=8'}
    dependencies:
      emoji-regex: 8.0.0
      is-fullwidth-code-point: 3.0.0
      strip-ansi: 6.0.0
    dev: false

  /strip-ansi/5.2.0:
    resolution: {integrity: sha1-jJpTb+tq/JYr36WxBKUJHBrZwK4=, tarball: strip-ansi/download/strip-ansi-5.2.0.tgz}
    engines: {node: '>=6'}
    dependencies:
      ansi-regex: 4.1.0
    dev: false

  /strip-ansi/6.0.0:
    resolution: {integrity: sha1-CxVx3XZpzNTz4G4U7x7tJiJa5TI=, tarball: strip-ansi/download/strip-ansi-6.0.0.tgz}
    engines: {node: '>=8'}
    dependencies:
      ansi-regex: 5.0.0
    dev: false

  /strip-json-comments/2.0.1:
    resolution: {integrity: sha1-PFMZQukIwml8DsNEhYwobHygpgo=, tarball: strip-json-comments/download/strip-json-comments-2.0.1.tgz}
    engines: {node: '>=0.10.0'}
    dev: false

  /supports-color/7.2.0:
    resolution: {integrity: sha1-G33NyzK4E4gBs+R4umpRyqiWSNo=, tarball: supports-color/download/supports-color-7.2.0.tgz}
    engines: {node: '>=8'}
    dependencies:
      has-flag: 4.0.0
    dev: false

  /term-size/2.2.1:
    resolution: {integrity: sha1-KmpUhAQywvtjIP6g9BVTHpAYn1Q=, tarball: term-size/download/term-size-2.2.1.tgz}
    engines: {node: '>=8'}
    dev: false

  /ts-node/8.9.1_typescript@3.9.3:
    resolution: {integrity: sha1-L4V/RsR+kdzSihTgUkgusUz9ZaU=, tarball: ts-node/download/ts-node-8.9.1.tgz}
    engines: {node: '>=6.0.0'}
    hasBin: true
    peerDependencies:
      typescript: '>=2.7'
    dependencies:
      arg: 4.1.3
      diff: 4.0.2
      make-error: 1.3.6
      source-map-support: 0.5.19
      typescript: registry.nlark.com/typescript/3.9.3
      yn: 3.1.1
    dev: false

  /typedarray-to-buffer/3.1.5:
    resolution: {integrity: sha1-qX7nqf9CaRufeD/xvFES/j/KkIA=, tarball: typedarray-to-buffer/download/typedarray-to-buffer-3.1.5.tgz}
    dependencies:
      is-typedarray: 1.0.0
    dev: false

  /unique-string/2.0.0:
    resolution: {integrity: sha1-OcZFH4GvsnSd4rIz4/fF6IQ72J0=, tarball: unique-string/download/unique-string-2.0.0.tgz}
    engines: {node: '>=8'}
    dependencies:
      crypto-random-string: 2.0.0
    dev: false

  /update-notifier/4.1.0:
    resolution: {integrity: sha1-SGa5jDvFtUc8AgsSUFg2KPmjKPM=, tarball: update-notifier/download/update-notifier-4.1.0.tgz?cache=0&sync_timestamp=1616423212673&other_urls=https%3A%2F%2Fregistry.npm.taobao.org%2Fupdate-notifier%2Fdownload%2Fupdate-notifier-4.1.0.tgz}
    engines: {node: '>=8'}
    dependencies:
      boxen: 4.2.0
      chalk: registry.nlark.com/chalk/3.0.0
      configstore: 5.0.1
      has-yarn: 2.1.0
      import-lazy: 2.1.0
      is-ci: 2.0.0
      is-installed-globally: 0.3.2
      is-npm: 4.0.0
      is-yarn-global: registry.nlark.com/is-yarn-global/0.3.0
      latest-version: 5.1.0
      pupa: 2.1.1
      semver-diff: registry.nlark.com/semver-diff/3.1.1
      xdg-basedir: 4.0.0
    dev: false

  /url-parse-lax/3.0.0:
    resolution: {integrity: sha1-FrXK/Afb42dsGxmZF3gj1lA6yww=, tarball: url-parse-lax/download/url-parse-lax-3.0.0.tgz}
    engines: {node: '>=4'}
    dependencies:
      prepend-http: 2.0.0
    dev: false

  /write-file-atomic/3.0.3:
    resolution: {integrity: sha1-Vr1cWlxwSBzRnFcb05q5ZaXeVug=, tarball: write-file-atomic/download/write-file-atomic-3.0.3.tgz?cache=0&sync_timestamp=1599089373857&other_urls=https%3A%2F%2Fregistry.npm.taobao.org%2Fwrite-file-atomic%2Fdownload%2Fwrite-file-atomic-3.0.3.tgz}
    dependencies:
      imurmurhash: 0.1.4
      is-typedarray: 1.0.0
      signal-exit: 3.0.3
      typedarray-to-buffer: 3.1.5
    dev: false

  /xdg-basedir/4.0.0:
    resolution: {integrity: sha1-S8jZmEQDaWIl74OhVzy7y0552xM=, tarball: xdg-basedir/download/xdg-basedir-4.0.0.tgz?cache=0&sync_timestamp=1617977845787&other_urls=https%3A%2F%2Fregistry.npm.taobao.org%2Fxdg-basedir%2Fdownload%2Fxdg-basedir-4.0.0.tgz}
    engines: {node: '>=8'}
    dev: false

  /yn/3.1.1:
    resolution: {integrity: sha1-HodAGgnXZ8HV6rJqbkwYUYLS61A=, tarball: yn/download/yn-3.1.1.tgz}
    engines: {node: '>=6'}
    dev: false

  registry.nlark.com/@sindresorhus/is/0.14.0:
    resolution: {integrity: sha1-n7OjzzEyMoFR81PeRjLgHlIQK+o=, registry: https://registry.npm.taobao.org/, tarball: https://registry.nlark.com/@sindresorhus/is/download/@sindresorhus/is-0.14.0.tgz}
    name: '@sindresorhus/is'
    version: 0.14.0
    engines: {node: '>=6'}
    dev: false

  registry.nlark.com/@types/node/15.3.0:
    resolution: {integrity: sha1-1v7X1rxoVDBto96hr5+HSwB4PiY=, registry: https://registry.npm.taobao.org/, tarball: https://registry.nlark.com/@types/node/download/@types/node-15.3.0.tgz?cache=0&sync_timestamp=1621019587972&other_urls=https%3A%2F%2Fregistry.nlark.com%2F%40types%2Fnode%2Fdownload%2F%40types%2Fnode-15.3.0.tgz}
    name: '@types/node'
    version: 15.3.0
    dev: false

  registry.nlark.com/@vercel/build-utils/2.10.2:
    resolution: {integrity: sha1-twxfFp0dKqaVu0Hd/nN3wCXjXuU=, registry: https://registry.npm.taobao.org/, tarball: https://registry.nlark.com/@vercel/build-utils/download/@vercel/build-utils-2.10.2.tgz}
    name: '@vercel/build-utils'
    version: 2.10.2
    dev: false

  registry.nlark.com/@vercel/go/1.2.2:
    resolution: {integrity: sha1-R2hvyPOBdnQo2FW92Ea2bv4vdC8=, registry: https://registry.npm.taobao.org/, tarball: https://registry.nlark.com/@vercel/go/download/@vercel/go-1.2.2.tgz}
    name: '@vercel/go'
    version: 1.2.2
    dev: false

  registry.nlark.com/@vercel/node/1.10.0:
    resolution: {integrity: sha1-mGg8AF2m+asPIWlkCcUguv/Uy0o=, registry: https://registry.npm.taobao.org/, tarball: https://registry.nlark.com/@vercel/node/download/@vercel/node-1.10.0.tgz}
    name: '@vercel/node'
    version: 1.10.0
    dependencies:
      '@types/node': registry.nlark.com/@types/node/15.3.0
      ts-node: 8.9.1_typescript@3.9.3
      typescript: registry.nlark.com/typescript/3.9.3
    dev: false

  registry.nlark.com/@vercel/python/2.0.1:
    resolution: {integrity: sha1-WpRDh2Lo4tOQFaJlViV3n6MwC1w=, registry: https://registry.npm.taobao.org/, tarball: https://registry.nlark.com/@vercel/python/download/@vercel/python-2.0.1.tgz}
    name: '@vercel/python'
    version: 2.0.1
    dev: false

  registry.nlark.com/@vercel/ruby/1.2.6:
    resolution: {integrity: sha1-00csMnBfDvZNPwvQe64bCZDMNco=, registry: https://registry.npm.taobao.org/, tarball: https://registry.nlark.com/@vercel/ruby/download/@vercel/ruby-1.2.6.tgz}
    name: '@vercel/ruby'
    version: 1.2.6
    dev: false

  registry.nlark.com/ansi-styles/4.3.0:
    resolution: {integrity: sha1-7dgDYornHATIWuegkG7a00tkiTc=, registry: https://registry.npm.taobao.org/, tarball: https://registry.nlark.com/ansi-styles/download/ansi-styles-4.3.0.tgz}
    name: ansi-styles
    version: 4.3.0
    engines: {node: '>=8'}
    dependencies:
      color-convert: 2.0.1
    dev: false

  registry.nlark.com/chalk/3.0.0:
    resolution: {integrity: sha1-P3PCv1JlkfV0zEksUeJFY0n4ROQ=, registry: https://registry.npm.taobao.org/, tarball: https://registry.nlark.com/chalk/download/chalk-3.0.0.tgz?cache=0&sync_timestamp=1618995384030&other_urls=https%3A%2F%2Fregistry.nlark.com%2Fchalk%2Fdownload%2Fchalk-3.0.0.tgz}
    name: chalk
    version: 3.0.0
    engines: {node: '>=8'}
    dependencies:
      ansi-styles: registry.nlark.com/ansi-styles/4.3.0
      supports-color: 7.2.0
    dev: false

  registry.nlark.com/follow-redirects/1.14.1:
    resolution: {integrity: sha1-2RFN7Qoc/dM04WTmZirQK/2R/0M=, registry: https://registry.npm.taobao.org/, tarball: https://registry.nlark.com/follow-redirects/download/follow-redirects-1.14.1.tgz}
    name: follow-redirects
    version: 1.14.1
    engines: {node: '>=4.0'}
    dev: false

  registry.nlark.com/is-path-inside/3.0.3:
    resolution: {integrity: sha1-0jE2LlOgf/Kw4Op/7QSRYf/RYoM=, registry: https://registry.npm.taobao.org/, tarball: https://registry.nlark.com/is-path-inside/download/is-path-inside-3.0.3.tgz}
    name: is-path-inside
    version: 3.0.3
    engines: {node: '>=8'}
    dev: false

  registry.nlark.com/is-yarn-global/0.3.0:
    resolution: {integrity: sha1-1QLTOCWQ6jAEiTdGdUyJE5lz4jI=, registry: https://registry.npm.taobao.org/, tarball: https://registry.nlark.com/is-yarn-global/download/is-yarn-global-0.3.0.tgz}
    name: is-yarn-global
    version: 0.3.0
    dev: false

  registry.nlark.com/micro-cors/0.1.1:
    resolution: {integrity: sha1-r3pIAYLBFP/RrahK2d/8UrtPQFQ=, registry: https://registry.npm.taobao.org/, tarball: https://registry.nlark.com/micro-cors/download/micro-cors-0.1.1.tgz}
    name: micro-cors
    version: 0.1.1
    engines: {node: '>=6'}
    dev: false

  registry.nlark.com/p-cancelable/1.1.0:
    resolution: {integrity: sha1-0HjRWjr0CSIMiG8dmgyi5EGrJsw=, registry: https://registry.npm.taobao.org/, tarball: https://registry.nlark.com/p-cancelable/download/p-cancelable-1.1.0.tgz}
    name: p-cancelable
    version: 1.1.0
    engines: {node: '>=6'}
    dev: false

  registry.nlark.com/registry-url/5.1.0:
    resolution: {integrity: sha1-6YM0tQ1UNLgRNrROxjjZwgCcUAk=, registry: https://registry.npm.taobao.org/, tarball: https://registry.nlark.com/registry-url/download/registry-url-5.1.0.tgz}
    name: registry-url
    version: 5.1.0
    engines: {node: '>=8'}
    dependencies:
      rc: 1.2.8
    dev: false

  registry.nlark.com/semver-diff/3.1.1:
    resolution: {integrity: sha1-Bfd85Z8yXgDicGr9Z7tQbdscoys=, registry: https://registry.npm.taobao.org/, tarball: https://registry.nlark.com/semver-diff/download/semver-diff-3.1.1.tgz}
    name: semver-diff
    version: 3.1.1
    engines: {node: '>=8'}
    dependencies:
      semver: 6.3.0
    dev: false

  registry.nlark.com/to-readable-stream/1.0.0:
    resolution: {integrity: sha1-zgqgwvPfat+FLvtASng+d8BHV3E=, registry: https://registry.npm.taobao.org/, tarball: https://registry.nlark.com/to-readable-stream/download/to-readable-stream-1.0.0.tgz}
    name: to-readable-stream
    version: 1.0.0
    engines: {node: '>=6'}
    dev: false

  registry.nlark.com/type-fest/0.8.1:
    resolution: {integrity: sha1-CeJJ696FHTseSNJ8EFREZn8XuD0=, registry: https://registry.npm.taobao.org/, tarball: https://registry.nlark.com/type-fest/download/type-fest-0.8.1.tgz?cache=0&sync_timestamp=1620466120395&other_urls=https%3A%2F%2Fregistry.nlark.com%2Ftype-fest%2Fdownload%2Ftype-fest-0.8.1.tgz}
    name: type-fest
    version: 0.8.1
    engines: {node: '>=8'}
    dev: false

  registry.nlark.com/typescript/3.9.3:
    resolution: {integrity: sha1-06yIg6l8JhOeQt9ek+7s4z1hC4o=, registry: https://registry.npm.taobao.org/, tarball: https://registry.nlark.com/typescript/download/typescript-3.9.3.tgz}
    name: typescript
    version: 3.9.3
    engines: {node: '>=4.2.0'}
    hasBin: true
    dev: false

  registry.nlark.com/vercel/22.0.1:
    resolution: {integrity: sha1-TMHJFnkMBiCwEZAHVWmAL/ocdTU=, registry: https://registry.npm.taobao.org/, tarball: https://registry.nlark.com/vercel/download/vercel-22.0.1.tgz}
    name: vercel
    version: 22.0.1
    engines: {node: '>= 12'}
    hasBin: true
    requiresBuild: true
    dependencies:
      '@vercel/build-utils': registry.nlark.com/@vercel/build-utils/2.10.2
      '@vercel/go': registry.nlark.com/@vercel/go/1.2.2
      '@vercel/node': registry.nlark.com/@vercel/node/1.10.0
      '@vercel/python': registry.nlark.com/@vercel/python/2.0.1
      '@vercel/ruby': registry.nlark.com/@vercel/ruby/1.2.6
      update-notifier: 4.1.0
    dev: false

  registry.nlark.com/widest-line/3.1.0:
    resolution: {integrity: sha1-gpIzO79my0X/DeFgOxNreuFJbso=, registry: https://registry.npm.taobao.org/, tarball: https://registry.nlark.com/widest-line/download/widest-line-3.1.0.tgz}
    name: widest-line
    version: 3.1.0
    engines: {node: '>=8'}
    dependencies:
      string-width: 4.2.2
    dev: false

  registry.nlark.com/wrappy/1.0.2:
    resolution: {integrity: sha1-tSQ9jz7BqjXxNkYFvA0QNuMKtp8=, registry: https://registry.npm.taobao.org/, tarball: https://registry.nlark.com/wrappy/download/wrappy-1.0.2.tgz}
    name: wrappy
    version: 1.0.2
    dev: false
