lockfileVersion: 5.3

specifiers:
  axios: ^0.21.1
  express: ^4.17.1
  nodemon: ^2.0.7

dependencies:
  axios: 0.21.1
  express: 4.17.1

devDependencies:
  nodemon: registry.nlark.com/nodemon/2.0.7

packages:

  /@szmarczak/http-timer/1.1.2:
    resolution: {integrity: sha1-sWZeLEYaLNkvTBu/UNVFTeDUtCE=, tarball: '@szmarczak/http-timer/download/@szmarczak/http-timer-1.1.2.tgz'}
    engines: {node: '>=6'}
    dependencies:
      defer-to-connect: 1.1.3
    dev: true

  /abbrev/1.1.1:
    resolution: {integrity: sha1-+PLIh60Qv2f2NPAFtph/7TF5qsg=, tarball: abbrev/download/abbrev-1.1.1.tgz}
    dev: true

  /accepts/1.3.7:
    resolution: {integrity: sha1-UxvHJlF6OytB+FACHGzBXqq1B80=, tarball: accepts/download/accepts-1.3.7.tgz}
    engines: {node: '>= 0.6'}
    dependencies:
      mime-types: 2.1.30
      negotiator: 0.6.2
    dev: false

  /ansi-align/3.0.0:
    resolution: {integrity: sha1-tTazcc9ofKrvI2wY0+If43l0Z8s=, tarball: ansi-align/download/ansi-align-3.0.0.tgz}
    dependencies:
      string-width: 3.1.0
    dev: true

  /ansi-regex/4.1.0:
    resolution: {integrity: sha1-i5+PCM8ay4Q3Vqg5yox+MWjFGZc=, tarball: ansi-regex/download/ansi-regex-4.1.0.tgz?cache=0&sync_timestamp=1618554239243&other_urls=https%3A%2F%2Fregistry.npm.taobao.org%2Fansi-regex%2Fdownload%2Fansi-regex-4.1.0.tgz}
    engines: {node: '>=6'}
    dev: true

  /ansi-regex/5.0.0:
    resolution: {integrity: sha1-OIU59VF5vzkznIGvMKZU1p+Hy3U=, tarball: ansi-regex/download/ansi-regex-5.0.0.tgz?cache=0&sync_timestamp=1618554239243&other_urls=https%3A%2F%2Fregistry.npm.taobao.org%2Fansi-regex%2Fdownload%2Fansi-regex-5.0.0.tgz}
    engines: {node: '>=8'}
    dev: true

  /anymatch/3.1.2:
    resolution: {integrity: sha1-wFV8CWrzLxBhmPT04qODU343hxY=, tarball: anymatch/download/anymatch-3.1.2.tgz?cache=0&sync_timestamp=1617748091214&other_urls=https%3A%2F%2Fregistry.npm.taobao.org%2Fanymatch%2Fdownload%2Fanymatch-3.1.2.tgz}
    engines: {node: '>= 8'}
    dependencies:
      normalize-path: 3.0.0
      picomatch: registry.nlark.com/picomatch/2.3.0
    dev: true

  /array-flatten/1.1.1:
    resolution: {integrity: sha1-ml9pkFGx5wczKPKgCJaLZOopVdI=, tarball: array-flatten/download/array-flatten-1.1.1.tgz}
    dev: false

  /axios/0.21.1:
    resolution: {integrity: sha1-IlY0gZYvTWvemnbVFu8OXTwJsrg=, tarball: axios/download/axios-0.21.1.tgz}
    dependencies:
      follow-redirects: registry.nlark.com/follow-redirects/1.14.1
    transitivePeerDependencies:
      - debug
    dev: false

  /balanced-match/1.0.2:
    resolution: {integrity: sha1-6D46fj8wCzTLnYf2FfoMvzV2kO4=, tarball: balanced-match/download/balanced-match-1.0.2.tgz?cache=0&sync_timestamp=1617715564545&other_urls=https%3A%2F%2Fregistry.npm.taobao.org%2Fbalanced-match%2Fdownload%2Fbalanced-match-1.0.2.tgz}
    dev: true

  /binary-extensions/2.2.0:
    resolution: {integrity: sha1-dfUC7q+f/eQvyYgpZFvk6na9ni0=, tarball: binary-extensions/download/binary-extensions-2.2.0.tgz}
    engines: {node: '>=8'}
    dev: true

  /body-parser/1.19.0:
    resolution: {integrity: sha1-lrJwnlfJxOCab9Zqj9l5hE9p8Io=, tarball: body-parser/download/body-parser-1.19.0.tgz}
    engines: {node: '>= 0.8'}
    dependencies:
      bytes: 3.1.0
      content-type: 1.0.4
      debug: 2.6.9
      depd: 1.1.2
      http-errors: 1.7.2
      iconv-lite: registry.nlark.com/iconv-lite/0.4.24
      on-finished: 2.3.0
      qs: 6.7.0
      raw-body: 2.4.0
      type-is: 1.6.18
    dev: false

  /boxen/4.2.0:
    resolution: {integrity: sha1-5BG2I1fW1tNlh8isPV2XTaoHDmQ=, tarball: boxen/download/boxen-4.2.0.tgz}
    engines: {node: '>=8'}
    dependencies:
      ansi-align: 3.0.0
      camelcase: 5.3.1
      chalk: registry.nlark.com/chalk/3.0.0
      cli-boxes: 2.2.1
      string-width: 4.2.2
      term-size: 2.2.1
      type-fest: registry.nlark.com/type-fest/0.8.1
      widest-line: registry.nlark.com/widest-line/3.1.0
    dev: true

  /brace-expansion/1.1.11:
    resolution: {integrity: sha1-PH/L9SnYcibz0vUrlm/1Jx60Qd0=, tarball: brace-expansion/download/brace-expansion-1.1.11.tgz}
    dependencies:
      balanced-match: 1.0.2
      concat-map: 0.0.1
    dev: true

  /braces/3.0.2:
    resolution: {integrity: sha1-NFThpGLujVmeI23zNs2epPiv4Qc=, tarball: braces/download/braces-3.0.2.tgz}
    engines: {node: '>=8'}
    dependencies:
      fill-range: 7.0.1
    dev: true

  /bytes/3.1.0:
    resolution: {integrity: sha1-9s95M6Ng4FiPqf3oVlHNx/gF0fY=, tarball: bytes/download/bytes-3.1.0.tgz}
    engines: {node: '>= 0.8'}
    dev: false

  /cacheable-request/6.1.0:
    resolution: {integrity: sha1-IP+4vRYrpL4R6VZ9gj22UQUsqRI=, tarball: cacheable-request/download/cacheable-request-6.1.0.tgz}
    engines: {node: '>=8'}
    dependencies:
      clone-response: 1.0.2
      get-stream: 5.2.0
      http-cache-semantics: 4.1.0
      keyv: 3.1.0
      lowercase-keys: 2.0.0
      normalize-url: registry.nlark.com/normalize-url/4.5.0
      responselike: 1.0.2
    dev: true

  /camelcase/5.3.1:
    resolution: {integrity: sha1-48mzFWnhBoEd8kL3FXJaH0xJQyA=, tarball: camelcase/download/camelcase-5.3.1.tgz}
    engines: {node: '>=6'}
    dev: true

  /chokidar/3.5.1:
    resolution: {integrity: sha1-7pznu+vSt59J8wR5nVRo4x4U5oo=, tarball: chokidar/download/chokidar-3.5.1.tgz}
    engines: {node: '>= 8.10.0'}
    dependencies:
      anymatch: 3.1.2
      braces: 3.0.2
      glob-parent: registry.nlark.com/glob-parent/5.1.2
      is-binary-path: 2.1.0
      is-glob: 4.0.1
      normalize-path: 3.0.0
      readdirp: 3.5.0
    optionalDependencies:
      fsevents: 2.3.2
    dev: true

  /ci-info/2.0.0:
    resolution: {integrity: sha1-Z6npZL4xpR4V5QENWObxKDQAL0Y=, tarball: ci-info/download/ci-info-2.0.0.tgz}
    dev: true

  /cli-boxes/2.2.1:
    resolution: {integrity: sha1-3dUDXSUJT84iDpyrQKRYQKRAMY8=, tarball: cli-boxes/download/cli-boxes-2.2.1.tgz}
    engines: {node: '>=6'}
    dev: true

  /clone-response/1.0.2:
    resolution: {integrity: sha1-0dyXOSAxTfZ/vrlCI7TuNQI56Ws=, tarball: clone-response/download/clone-response-1.0.2.tgz}
    dependencies:
      mimic-response: 1.0.1
    dev: true

  /color-convert/2.0.1:
    resolution: {integrity: sha1-ctOmjVmMm9s68q0ehPIdiWq9TeM=, tarball: color-convert/download/color-convert-2.0.1.tgz}
    engines: {node: '>=7.0.0'}
    dependencies:
      color-name: 1.1.4
    dev: true

  /color-name/1.1.4:
    resolution: {integrity: sha1-wqCah6y95pVD3m9j+jmVyCbFNqI=, tarball: color-name/download/color-name-1.1.4.tgz}
    dev: true

  /concat-map/0.0.1:
    resolution: {integrity: sha1-2Klr13/Wjfd5OnMDajug1UBdR3s=, tarball: concat-map/download/concat-map-0.0.1.tgz}
    dev: true

  /configstore/5.0.1:
    resolution: {integrity: sha1-02UCG130uYzdGH1qOw4/anzF7ZY=, tarball: configstore/download/configstore-5.0.1.tgz}
    engines: {node: '>=8'}
    dependencies:
      dot-prop: 5.3.0
      graceful-fs: 4.2.6
      make-dir: 3.1.0
      unique-string: 2.0.0
      write-file-atomic: 3.0.3
      xdg-basedir: 4.0.0
    dev: true

  /content-disposition/0.5.3:
    resolution: {integrity: sha1-4TDK9+cnkIfFYWwgB9BIVpiYT70=, tarball: content-disposition/download/content-disposition-0.5.3.tgz}
    engines: {node: '>= 0.6'}
    dependencies:
      safe-buffer: 5.1.2
    dev: false

  /content-type/1.0.4:
    resolution: {integrity: sha1-4TjMdeBAxyexlm/l5fjJruJW/js=, tarball: content-type/download/content-type-1.0.4.tgz}
    engines: {node: '>= 0.6'}
    dev: false

  /cookie-signature/1.0.6:
    resolution: {integrity: sha1-4wOogrNCzD7oylE6eZmXNNqzriw=, tarball: cookie-signature/download/cookie-signature-1.0.6.tgz}
    dev: false

  /cookie/0.4.0:
    resolution: {integrity: sha1-vrQ35wIrO21JAZ0IhmUwPr6cFLo=, tarball: cookie/download/cookie-0.4.0.tgz}
    engines: {node: '>= 0.6'}
    dev: false

  /crypto-random-string/2.0.0:
    resolution: {integrity: sha1-7yp6lm7BEIM4g2m6oC6+rSKbMNU=, tarball: crypto-random-string/download/crypto-random-string-2.0.0.tgz}
    engines: {node: '>=8'}
    dev: true

  /debug/2.6.9:
    resolution: {integrity: sha1-XRKFFd8TT/Mn6QpMk/Tgd6U2NB8=, tarball: debug/download/debug-2.6.9.tgz}
    dependencies:
      ms: 2.0.0

  /debug/3.2.7:
    resolution: {integrity: sha1-clgLfpFF+zm2Z2+cXl+xALk0F5o=, tarball: debug/download/debug-3.2.7.tgz}
    dependencies:
      ms: 2.1.3
    dev: true

  /decompress-response/3.3.0:
    resolution: {integrity: sha1-gKTdMjdIOEv6JICDYirt7Jgq3/M=, tarball: decompress-response/download/decompress-response-3.3.0.tgz}
    engines: {node: '>=4'}
    dependencies:
      mimic-response: 1.0.1
    dev: true

  /deep-extend/0.6.0:
    resolution: {integrity: sha1-xPp8lUBKF6nD6Mp+FTcxK3NjMKw=, tarball: deep-extend/download/deep-extend-0.6.0.tgz}
    engines: {node: '>=4.0.0'}
    dev: true

  /defer-to-connect/1.1.3:
    resolution: {integrity: sha1-MxrgUMCNz3ifjIOnuB8O2U9KxZE=, tarball: defer-to-connect/download/defer-to-connect-1.1.3.tgz}
    dev: true

  /depd/1.1.2:
    resolution: {integrity: sha1-m81S4UwJd2PnSbJ0xDRu0uVgtak=, tarball: depd/download/depd-1.1.2.tgz}
    engines: {node: '>= 0.6'}
    dev: false

  /destroy/1.0.4:
    resolution: {integrity: sha1-l4hXRCxEdJ5CBmE+N5RiBYJqvYA=, tarball: destroy/download/destroy-1.0.4.tgz}
    dev: false

  /dot-prop/5.3.0:
    resolution: {integrity: sha1-kMzOcIzZzYLMTcjD3dmr3VWyDog=, tarball: dot-prop/download/dot-prop-5.3.0.tgz}
    engines: {node: '>=8'}
    dependencies:
      is-obj: 2.0.0
    dev: true

  /duplexer3/0.1.4:
    resolution: {integrity: sha1-7gHdHKwO08vH/b6jfcCo8c4ALOI=, tarball: duplexer3/download/duplexer3-0.1.4.tgz}
    dev: true

  /ee-first/1.1.1:
    resolution: {integrity: sha1-WQxhFWsK4vTwJVcyoViyZrxWsh0=, tarball: ee-first/download/ee-first-1.1.1.tgz}
    dev: false

  /emoji-regex/7.0.3:
    resolution: {integrity: sha1-kzoEBShgyF6DwSJHnEdIqOTHIVY=, tarball: emoji-regex/download/emoji-regex-7.0.3.tgz}
    dev: true

  /emoji-regex/8.0.0:
    resolution: {integrity: sha1-6Bj9ac5cz8tARZT4QpY79TFkzDc=, tarball: emoji-regex/download/emoji-regex-8.0.0.tgz}
    dev: true

  /encodeurl/1.0.2:
    resolution: {integrity: sha1-rT/0yG7C0CkyL1oCw6mmBslbP1k=, tarball: encodeurl/download/encodeurl-1.0.2.tgz}
    engines: {node: '>= 0.8'}
    dev: false

  /end-of-stream/1.4.4:
    resolution: {integrity: sha1-WuZKX0UFe682JuwU2gyl5LJDHrA=, tarball: end-of-stream/download/end-of-stream-1.4.4.tgz}
    dependencies:
      once: 1.4.0
    dev: true

  /escape-goat/2.1.1:
    resolution: {integrity: sha1-Gy3HcANnbEV+x2Cy3GjttkgYhnU=, tarball: escape-goat/download/escape-goat-2.1.1.tgz}
    engines: {node: '>=8'}
    dev: true

  /escape-html/1.0.3:
    resolution: {integrity: sha1-Aljq5NPQwJdN4cFpGI7wBR0dGYg=, tarball: escape-html/download/escape-html-1.0.3.tgz?cache=0&sync_timestamp=1615986563196&other_urls=https%3A%2F%2Fregistry.npm.taobao.org%2Fescape-html%2Fdownload%2Fescape-html-1.0.3.tgz}
    dev: false

  /etag/1.8.1:
    resolution: {integrity: sha1-Qa4u62XvpiJorr/qg6x9eSmbCIc=, tarball: etag/download/etag-1.8.1.tgz}
    engines: {node: '>= 0.6'}
    dev: false

  /express/4.17.1:
    resolution: {integrity: sha1-RJH8OGBc9R+GKdOcK10Cb5ikwTQ=, tarball: express/download/express-4.17.1.tgz}
    engines: {node: '>= 0.10.0'}
    dependencies:
      accepts: 1.3.7
      array-flatten: 1.1.1
      body-parser: 1.19.0
      content-disposition: 0.5.3
      content-type: 1.0.4
      cookie: 0.4.0
      cookie-signature: 1.0.6
      debug: 2.6.9
      depd: 1.1.2
      encodeurl: 1.0.2
      escape-html: 1.0.3
      etag: 1.8.1
      finalhandler: 1.1.2
      fresh: 0.5.2
      merge-descriptors: 1.0.1
      methods: 1.1.2
      on-finished: 2.3.0
      parseurl: 1.3.3
      path-to-regexp: 0.1.7
      proxy-addr: 2.0.6
      qs: 6.7.0
      range-parser: 1.2.1
      safe-buffer: 5.1.2
      send: 0.17.1
      serve-static: 1.14.1
      setprototypeof: 1.1.1
      statuses: 1.5.0
      type-is: 1.6.18
      utils-merge: 1.0.1
      vary: 1.1.2
    dev: false

  /fill-range/7.0.1:
    resolution: {integrity: sha1-GRmmp8df44ssfHflGYU12prN2kA=, tarball: fill-range/download/fill-range-7.0.1.tgz}
    engines: {node: '>=8'}
    dependencies:
      to-regex-range: 5.0.1
    dev: true

  /finalhandler/1.1.2:
    resolution: {integrity: sha1-t+fQAP/RGTjQ/bBTUG9uur6fWH0=, tarball: finalhandler/download/finalhandler-1.1.2.tgz}
    engines: {node: '>= 0.8'}
    dependencies:
      debug: 2.6.9
      encodeurl: 1.0.2
      escape-html: 1.0.3
      on-finished: 2.3.0
      parseurl: 1.3.3
      statuses: 1.5.0
      unpipe: 1.0.0
    dev: false

  /forwarded/0.1.2:
    resolution: {integrity: sha1-mMI9qxF1ZXuMBXPozszZGw/xjIQ=, tarball: forwarded/download/forwarded-0.1.2.tgz}
    engines: {node: '>= 0.6'}
    dev: false

  /fresh/0.5.2:
    resolution: {integrity: sha1-PYyt2Q2XZWn6g1qx+OSyOhBWBac=, tarball: fresh/download/fresh-0.5.2.tgz}
    engines: {node: '>= 0.6'}
    dev: false

  /fsevents/2.3.2:
    resolution: {integrity: sha1-ilJveLj99GI7cJ4Ll1xSwkwC/Ro=, tarball: fsevents/download/fsevents-2.3.2.tgz}
    engines: {node: ^8.16.0 || ^10.6.0 || >=11.0.0}
    dev: true
    optional: true

  /get-stream/4.1.0:
    resolution: {integrity: sha1-wbJVV189wh1Zv8ec09K0axw6VLU=, tarball: get-stream/download/get-stream-4.1.0.tgz}
    engines: {node: '>=6'}
    dependencies:
      pump: 3.0.0
    dev: true

  /get-stream/5.2.0:
    resolution: {integrity: sha1-SWaheV7lrOZecGxLe+txJX1uItM=, tarball: get-stream/download/get-stream-5.2.0.tgz}
    engines: {node: '>=8'}
    dependencies:
      pump: 3.0.0
    dev: true

  /global-dirs/2.1.0:
    resolution: {integrity: sha1-6QRqScgG/wTWwYJeGWyPAJHo300=, tarball: global-dirs/download/global-dirs-2.1.0.tgz}
    engines: {node: '>=8'}
    dependencies:
      ini: 1.3.7
    dev: true

  /got/9.6.0:
    resolution: {integrity: sha1-7fRefWf5lUVwXeH3u+7rEhdl7YU=, tarball: got/download/got-9.6.0.tgz?cache=0&sync_timestamp=1614340546458&other_urls=https%3A%2F%2Fregistry.npm.taobao.org%2Fgot%2Fdownload%2Fgot-9.6.0.tgz}
    engines: {node: '>=8.6'}
    dependencies:
      '@sindresorhus/is': registry.nlark.com/@sindresorhus/is/0.14.0
      '@szmarczak/http-timer': 1.1.2
      cacheable-request: 6.1.0
      decompress-response: 3.3.0
      duplexer3: 0.1.4
      get-stream: 4.1.0
      lowercase-keys: 1.0.1
      mimic-response: 1.0.1
      p-cancelable: registry.nlark.com/p-cancelable/1.1.0
      to-readable-stream: registry.nlark.com/to-readable-stream/1.0.0
      url-parse-lax: 3.0.0
    dev: true

  /graceful-fs/4.2.6:
    resolution: {integrity: sha1-/wQLKwhTsjw9MQJ1I3BvGIXXa+4=, tarball: graceful-fs/download/graceful-fs-4.2.6.tgz}
    dev: true

  /has-flag/3.0.0:
    resolution: {integrity: sha1-tdRU3CGZriJWmfNGfloH87lVuv0=, tarball: has-flag/download/has-flag-3.0.0.tgz?cache=0&sync_timestamp=1618559697170&other_urls=https%3A%2F%2Fregistry.npm.taobao.org%2Fhas-flag%2Fdownload%2Fhas-flag-3.0.0.tgz}
    engines: {node: '>=4'}
    dev: true

  /has-flag/4.0.0:
    resolution: {integrity: sha1-lEdx/ZyByBJlxNaUGGDaBrtZR5s=, tarball: has-flag/download/has-flag-4.0.0.tgz?cache=0&sync_timestamp=1618559697170&other_urls=https%3A%2F%2Fregistry.npm.taobao.org%2Fhas-flag%2Fdownload%2Fhas-flag-4.0.0.tgz}
    engines: {node: '>=8'}
    dev: true

  /has-yarn/2.1.0:
    resolution: {integrity: sha1-E34RNUp7W/EapctknPDG8/8rLnc=, tarball: has-yarn/download/has-yarn-2.1.0.tgz}
    engines: {node: '>=8'}
    dev: true

  /http-cache-semantics/4.1.0:
    resolution: {integrity: sha1-SekcXL82yblLz81xwj1SSex045A=, tarball: http-cache-semantics/download/http-cache-semantics-4.1.0.tgz}
    dev: true

  /http-errors/1.7.2:
    resolution: {integrity: sha1-T1ApzxMjnzEDblsuVSkrz7zIXI8=, tarball: http-errors/download/http-errors-1.7.2.tgz}
    engines: {node: '>= 0.6'}
    dependencies:
      depd: 1.1.2
      inherits: 2.0.3
      setprototypeof: 1.1.1
      statuses: 1.5.0
      toidentifier: 1.0.0
    dev: false

  /http-errors/1.7.3:
    resolution: {integrity: sha1-bGGeT5xgMIw4UZSYwU+7EKrOuwY=, tarball: http-errors/download/http-errors-1.7.3.tgz}
    engines: {node: '>= 0.6'}
    dependencies:
      depd: 1.1.2
      inherits: 2.0.4
      setprototypeof: 1.1.1
      statuses: 1.5.0
      toidentifier: 1.0.0
    dev: false

  /ignore-by-default/1.0.1:
    resolution: {integrity: sha1-SMptcvbGo68Aqa1K5odr44ieKwk=, tarball: ignore-by-default/download/ignore-by-default-1.0.1.tgz?cache=0&sync_timestamp=1599140183511&other_urls=https%3A%2F%2Fregistry.npm.taobao.org%2Fignore-by-default%2Fdownload%2Fignore-by-default-1.0.1.tgz}
    dev: true

  /import-lazy/2.1.0:
    resolution: {integrity: sha1-BWmOPUXIjo1+nZLLBYTnfwlvPkM=, tarball: import-lazy/download/import-lazy-2.1.0.tgz}
    engines: {node: '>=4'}
    dev: true

  /imurmurhash/0.1.4:
    resolution: {integrity: sha1-khi5srkoojixPcT7a21XbyMUU+o=, tarball: imurmurhash/download/imurmurhash-0.1.4.tgz}
    engines: {node: '>=0.8.19'}
    dev: true

  /inherits/2.0.3:
    resolution: {integrity: sha1-Yzwsg+PaQqUC9SRmAiSA9CCCYd4=, tarball: inherits/download/inherits-2.0.3.tgz}
    dev: false

  /inherits/2.0.4:
    resolution: {integrity: sha1-D6LGT5MpF8NDOg3tVTY6rjdBa3w=, tarball: inherits/download/inherits-2.0.4.tgz}
    dev: false

  /ini/1.3.7:
    resolution: {integrity: sha1-oJNj4ZEZcuoW16iFEAXYTPCamoQ=, tarball: ini/download/ini-1.3.7.tgz}
    dev: true

  /ini/1.3.8:
    resolution: {integrity: sha1-op2kJbSIBvNHZ6Tvzjlyaa8oQyw=, tarball: ini/download/ini-1.3.8.tgz}
    dev: true

  /ipaddr.js/1.9.1:
    resolution: {integrity: sha1-v/OFQ+64mEglB5/zoqjmy9RngbM=, tarball: ipaddr.js/download/ipaddr.js-1.9.1.tgz}
    engines: {node: '>= 0.10'}
    dev: false

  /is-binary-path/2.1.0:
    resolution: {integrity: sha1-6h9/O4DwZCNug0cPhsCcJU+0Wwk=, tarball: is-binary-path/download/is-binary-path-2.1.0.tgz}
    engines: {node: '>=8'}
    dependencies:
      binary-extensions: 2.2.0
    dev: true

  /is-ci/2.0.0:
    resolution: {integrity: sha1-a8YzQYGBDgS1wis9WJ/cpVAmQEw=, tarball: is-ci/download/is-ci-2.0.0.tgz?cache=0&sync_timestamp=1613636778230&other_urls=https%3A%2F%2Fregistry.npm.taobao.org%2Fis-ci%2Fdownload%2Fis-ci-2.0.0.tgz}
    hasBin: true
    dependencies:
      ci-info: 2.0.0
    dev: true

  /is-extglob/2.1.1:
    resolution: {integrity: sha1-qIwCU1eR8C7TfHahueqXc8gz+MI=, tarball: is-extglob/download/is-extglob-2.1.1.tgz}
    engines: {node: '>=0.10.0'}
    dev: true

  /is-fullwidth-code-point/2.0.0:
    resolution: {integrity: sha1-o7MKXE8ZkYMWeqq5O+764937ZU8=, tarball: is-fullwidth-code-point/download/is-fullwidth-code-point-2.0.0.tgz?cache=0&sync_timestamp=1618554237494&other_urls=https%3A%2F%2Fregistry.npm.taobao.org%2Fis-fullwidth-code-point%2Fdownload%2Fis-fullwidth-code-point-2.0.0.tgz}
    engines: {node: '>=4'}
    dev: true

  /is-fullwidth-code-point/3.0.0:
    resolution: {integrity: sha1-8Rb4Bk/pCz94RKOJl8C3UFEmnx0=, tarball: is-fullwidth-code-point/download/is-fullwidth-code-point-3.0.0.tgz?cache=0&sync_timestamp=1618554237494&other_urls=https%3A%2F%2Fregistry.npm.taobao.org%2Fis-fullwidth-code-point%2Fdownload%2Fis-fullwidth-code-point-3.0.0.tgz}
    engines: {node: '>=8'}
    dev: true

  /is-glob/4.0.1:
    resolution: {integrity: sha1-dWfb6fL14kZ7x3q4PEopSCQHpdw=, tarball: is-glob/download/is-glob-4.0.1.tgz}
    engines: {node: '>=0.10.0'}
    dependencies:
      is-extglob: 2.1.1
    dev: true

  /is-installed-globally/0.3.2:
    resolution: {integrity: sha1-/T76ee5nDRGHIzGC1bCh3QAxMUE=, tarball: is-installed-globally/download/is-installed-globally-0.3.2.tgz}
    engines: {node: '>=8'}
    dependencies:
      global-dirs: 2.1.0
      is-path-inside: registry.nlark.com/is-path-inside/3.0.3
    dev: true

  /is-npm/4.0.0:
    resolution: {integrity: sha1-yQ3YOAaW34enptgjwg0LErvjyE0=, tarball: is-npm/download/is-npm-4.0.0.tgz}
    engines: {node: '>=8'}
    dev: true

  /is-number/7.0.0:
    resolution: {integrity: sha1-dTU0W4lnNNX4DE0GxQlVUnoU8Ss=, tarball: is-number/download/is-number-7.0.0.tgz}
    engines: {node: '>=0.12.0'}
    dev: true

  /is-obj/2.0.0:
    resolution: {integrity: sha1-Rz+wXZc3BeP9liBUUBjKjiLvSYI=, tarball: is-obj/download/is-obj-2.0.0.tgz}
    engines: {node: '>=8'}
    dev: true

  /is-typedarray/1.0.0:
    resolution: {integrity: sha1-5HnICFjfDBsR3dppQPlgEfzaSpo=, tarball: is-typedarray/download/is-typedarray-1.0.0.tgz}
    dev: true

  /json-buffer/3.0.0:
    resolution: {integrity: sha1-Wx85evx11ne96Lz8Dkfh+aPZqJg=, tarball: json-buffer/download/json-buffer-3.0.0.tgz}
    dev: true

  /keyv/3.1.0:
    resolution: {integrity: sha1-7MIoSG9pmR5J6UdkhaW+Ho/FxNk=, tarball: keyv/download/keyv-3.1.0.tgz}
    dependencies:
      json-buffer: 3.0.0
    dev: true

  /latest-version/5.1.0:
    resolution: {integrity: sha1-EZ3+kI/jjRXfpD7NE/oS7Igy+s4=, tarball: latest-version/download/latest-version-5.1.0.tgz}
    engines: {node: '>=8'}
    dependencies:
      package-json: 6.5.0
    dev: true

  /lowercase-keys/1.0.1:
    resolution: {integrity: sha1-b54wtHCE2XGnyCD/FabFFnt0wm8=, tarball: lowercase-keys/download/lowercase-keys-1.0.1.tgz}
    engines: {node: '>=0.10.0'}
    dev: true

  /lowercase-keys/2.0.0:
    resolution: {integrity: sha1-JgPni3tLAAbLyi+8yKMgJVislHk=, tarball: lowercase-keys/download/lowercase-keys-2.0.0.tgz}
    engines: {node: '>=8'}
    dev: true

  /make-dir/3.1.0:
    resolution: {integrity: sha1-QV6WcEazp/HRhSd9hKpYIDcmoT8=, tarball: make-dir/download/make-dir-3.1.0.tgz}
    engines: {node: '>=8'}
    dependencies:
      semver: 6.3.0
    dev: true

  /media-typer/0.3.0:
    resolution: {integrity: sha1-hxDXrwqmJvj/+hzgAWhUUmMlV0g=, tarball: media-typer/download/media-typer-0.3.0.tgz}
    engines: {node: '>= 0.6'}
    dev: false

  /merge-descriptors/1.0.1:
    resolution: {integrity: sha1-sAqqVW3YtEVoFQ7J0blT8/kMu2E=, tarball: merge-descriptors/download/merge-descriptors-1.0.1.tgz}
    dev: false

  /methods/1.1.2:
    resolution: {integrity: sha1-VSmk1nZUE07cxSZmVoNbD4Ua/O4=, tarball: methods/download/methods-1.1.2.tgz}
    engines: {node: '>= 0.6'}
    dev: false

  /mime-db/1.47.0:
    resolution: {integrity: sha1-jLMT5Zll08Bc+/iYkVomevRqM1w=, tarball: mime-db/download/mime-db-1.47.0.tgz?cache=0&sync_timestamp=1617326646370&other_urls=https%3A%2F%2Fregistry.npm.taobao.org%2Fmime-db%2Fdownload%2Fmime-db-1.47.0.tgz}
    engines: {node: '>= 0.6'}
    dev: false

  /mime-types/2.1.30:
    resolution: {integrity: sha1-bnvotMR5gl+F7WMmaV23P5MF1i0=, tarball: mime-types/download/mime-types-2.1.30.tgz?cache=0&sync_timestamp=1617341290310&other_urls=https%3A%2F%2Fregistry.npm.taobao.org%2Fmime-types%2Fdownload%2Fmime-types-2.1.30.tgz}
    engines: {node: '>= 0.6'}
    dependencies:
      mime-db: 1.47.0
    dev: false

  /mime/1.6.0:
    resolution: {integrity: sha1-Ms2eXGRVO9WNGaVor0Uqz/BJgbE=, tarball: mime/download/mime-1.6.0.tgz}
    engines: {node: '>=4'}
    hasBin: true
    dev: false

  /mimic-response/1.0.1:
    resolution: {integrity: sha1-SSNTiHju9CBjy4o+OweYeBSHqxs=, tarball: mimic-response/download/mimic-response-1.0.1.tgz}
    engines: {node: '>=4'}
    dev: true

  /minimatch/3.0.4:
    resolution: {integrity: sha1-UWbihkV/AzBgZL5Ul+jbsMPTIIM=, tarball: minimatch/download/minimatch-3.0.4.tgz}
    dependencies:
      brace-expansion: 1.1.11
    dev: true

  /minimist/1.2.5:
    resolution: {integrity: sha1-Z9ZgFLZqaoqqDAg8X9WN9OTpdgI=, tarball: minimist/download/minimist-1.2.5.tgz}
    dev: true

  /ms/2.0.0:
    resolution: {integrity: sha1-VgiurfwAvmwpAd9fmGF4jeDVl8g=, tarball: ms/download/ms-2.0.0.tgz}

  /ms/2.1.1:
    resolution: {integrity: sha1-MKWGTrPrsKZvLr5tcnrwagnYbgo=, tarball: ms/download/ms-2.1.1.tgz}
    dev: false

  /ms/2.1.3:
    resolution: {integrity: sha1-V0yBOM4dK1hh8LRFedut1gxmFbI=, tarball: ms/download/ms-2.1.3.tgz}
    dev: true

  /negotiator/0.6.2:
    resolution: {integrity: sha1-/qz3zPUlp3rpY0Q2pkiD/+yjRvs=, tarball: negotiator/download/negotiator-0.6.2.tgz}
    engines: {node: '>= 0.6'}
    dev: false

  /nopt/1.0.10:
    resolution: {integrity: sha1-bd0hvSoxQXuScn3Vhfim83YI6+4=, tarball: nopt/download/nopt-1.0.10.tgz}
    hasBin: true
    dependencies:
      abbrev: 1.1.1
    dev: true

  /normalize-path/3.0.0:
    resolution: {integrity: sha1-Dc1p/yOhybEf0JeDFmRKA4ghamU=, tarball: normalize-path/download/normalize-path-3.0.0.tgz}
    engines: {node: '>=0.10.0'}
    dev: true

  /on-finished/2.3.0:
    resolution: {integrity: sha1-IPEzZIGwg811M3mSoWlxqi2QaUc=, tarball: on-finished/download/on-finished-2.3.0.tgz}
    engines: {node: '>= 0.8'}
    dependencies:
      ee-first: 1.1.1
    dev: false

  /once/1.4.0:
    resolution: {integrity: sha1-WDsap3WWHUsROsF9nFC6753Xa9E=, tarball: once/download/once-1.4.0.tgz}
    dependencies:
      wrappy: registry.nlark.com/wrappy/1.0.2
    dev: true

  /package-json/6.5.0:
    resolution: {integrity: sha1-b+7ayjXnVyWHbQsOZJdGl/7RRbA=, tarball: package-json/download/package-json-6.5.0.tgz}
    engines: {node: '>=8'}
    dependencies:
      got: 9.6.0
      registry-auth-token: 4.2.1
      registry-url: registry.nlark.com/registry-url/5.1.0
      semver: 6.3.0
    dev: true

  /parseurl/1.3.3:
    resolution: {integrity: sha1-naGee+6NEt/wUT7Vt2lXeTvC6NQ=, tarball: parseurl/download/parseurl-1.3.3.tgz}
    engines: {node: '>= 0.8'}
    dev: false

  /path-to-regexp/0.1.7:
    resolution: {integrity: sha1-32BBeABfUi8V60SQ5yR6G/qmf4w=, tarball: path-to-regexp/download/path-to-regexp-0.1.7.tgz}
    dev: false

  /prepend-http/2.0.0:
    resolution: {integrity: sha1-6SQ0v6XqjBn0HN/UAddBo8gZ2Jc=, tarball: prepend-http/download/prepend-http-2.0.0.tgz}
    engines: {node: '>=4'}
    dev: true

  /proxy-addr/2.0.6:
    resolution: {integrity: sha1-/cIzZQVEfT8vLGOO0nLK9hS7sr8=, tarball: proxy-addr/download/proxy-addr-2.0.6.tgz}
    engines: {node: '>= 0.10'}
    dependencies:
      forwarded: 0.1.2
      ipaddr.js: 1.9.1
    dev: false

  /pstree.remy/1.1.8:
    resolution: {integrity: sha1-wkIiT0pnwh9oaDm720rCgrg3PTo=, tarball: pstree.remy/download/pstree.remy-1.1.8.tgz}
    dev: true

  /pump/3.0.0:
    resolution: {integrity: sha1-tKIRaBW94vTh6mAjVOjHVWUQemQ=, tarball: pump/download/pump-3.0.0.tgz}
    dependencies:
      end-of-stream: 1.4.4
      once: 1.4.0
    dev: true

  /pupa/2.1.1:
    resolution: {integrity: sha1-9ej9SvwsXZeCj6pSNUnth0SiDWI=, tarball: pupa/download/pupa-2.1.1.tgz}
    engines: {node: '>=8'}
    dependencies:
      escape-goat: 2.1.1
    dev: true

  /qs/6.7.0:
    resolution: {integrity: sha1-QdwaAV49WB8WIXdr4xr7KHapsbw=, tarball: qs/download/qs-6.7.0.tgz}
    engines: {node: '>=0.6'}
    dev: false

  /range-parser/1.2.1:
    resolution: {integrity: sha1-PPNwI9GZ4cJNGlW4SADC8+ZGgDE=, tarball: range-parser/download/range-parser-1.2.1.tgz}
    engines: {node: '>= 0.6'}
    dev: false

  /raw-body/2.4.0:
    resolution: {integrity: sha1-oc5vucm8NWylLoklarWQWeE9AzI=, tarball: raw-body/download/raw-body-2.4.0.tgz}
    engines: {node: '>= 0.8'}
    dependencies:
      bytes: 3.1.0
      http-errors: 1.7.2
      iconv-lite: registry.nlark.com/iconv-lite/0.4.24
      unpipe: 1.0.0
    dev: false

  /rc/1.2.8:
    resolution: {integrity: sha1-zZJL9SAKB1uDwYjNa54hG3/A0+0=, tarball: rc/download/rc-1.2.8.tgz}
    hasBin: true
    dependencies:
      deep-extend: 0.6.0
      ini: 1.3.8
      minimist: 1.2.5
      strip-json-comments: 2.0.1
    dev: true

  /readdirp/3.5.0:
    resolution: {integrity: sha1-m6dMAZsV02UnjS6Ru4xI17TULJ4=, tarball: readdirp/download/readdirp-3.5.0.tgz?cache=0&sync_timestamp=1615719701333&other_urls=https%3A%2F%2Fregistry.npm.taobao.org%2Freaddirp%2Fdownload%2Freaddirp-3.5.0.tgz}
    engines: {node: '>=8.10.0'}
    dependencies:
      picomatch: registry.nlark.com/picomatch/2.3.0
    dev: true

  /registry-auth-token/4.2.1:
    resolution: {integrity: sha1-bXtABkQZGJcszV/tzUHcMix5slA=, tarball: registry-auth-token/download/registry-auth-token-4.2.1.tgz}
    engines: {node: '>=6.0.0'}
    dependencies:
      rc: 1.2.8
    dev: true

  /responselike/1.0.2:
    resolution: {integrity: sha1-kYcg7ztjHFZCvgaPFa3lpG9Loec=, tarball: responselike/download/responselike-1.0.2.tgz}
    dependencies:
      lowercase-keys: 1.0.1
    dev: true

  /safe-buffer/5.1.2:
    resolution: {integrity: sha1-mR7GnSluAxN0fVm9/St0XDX4go0=, tarball: safe-buffer/download/safe-buffer-5.1.2.tgz}
    dev: false

  /safer-buffer/2.1.2:
    resolution: {integrity: sha1-RPoWGwGHuVSd2Eu5GAL5vYOFzWo=, tarball: safer-buffer/download/safer-buffer-2.1.2.tgz}
    dev: false

  /semver/5.7.1:
    resolution: {integrity: sha1-qVT5Ma66UI0we78Gnv8MAclhFvc=, tarball: semver/download/semver-5.7.1.tgz}
    hasBin: true
    dev: true

  /semver/6.3.0:
    resolution: {integrity: sha1-7gpkyK9ejO6mdoexM3YeG+y9HT0=, tarball: semver/download/semver-6.3.0.tgz}
    hasBin: true
    dev: true

  /send/0.17.1:
    resolution: {integrity: sha1-wdiwWfeQD3Rm3Uk4vcROEd2zdsg=, tarball: send/download/send-0.17.1.tgz}
    engines: {node: '>= 0.8.0'}
    dependencies:
      debug: 2.6.9
      depd: 1.1.2
      destroy: 1.0.4
      encodeurl: 1.0.2
      escape-html: 1.0.3
      etag: 1.8.1
      fresh: 0.5.2
      http-errors: 1.7.3
      mime: 1.6.0
      ms: 2.1.1
      on-finished: 2.3.0
      range-parser: 1.2.1
      statuses: 1.5.0
    dev: false

  /serve-static/1.14.1:
    resolution: {integrity: sha1-Zm5jbcTwEPfvKZcKiKZ0MgiYsvk=, tarball: serve-static/download/serve-static-1.14.1.tgz}
    engines: {node: '>= 0.8.0'}
    dependencies:
      encodeurl: 1.0.2
      escape-html: 1.0.3
      parseurl: 1.3.3
      send: 0.17.1
    dev: false

  /setprototypeof/1.1.1:
    resolution: {integrity: sha1-fpWsskqpL1iF4KvvW6ExMw1K5oM=, tarball: setprototypeof/download/setprototypeof-1.1.1.tgz}
    dev: false

  /signal-exit/3.0.3:
    resolution: {integrity: sha1-oUEMLt2PB3sItOJTyOrPyvBXRhw=, tarball: signal-exit/download/signal-exit-3.0.3.tgz}
    dev: true

  /statuses/1.5.0:
    resolution: {integrity: sha1-Fhx9rBd2Wf2YEfQ3cfqZOBR4Yow=, tarball: statuses/download/statuses-1.5.0.tgz}
    engines: {node: '>= 0.6'}
    dev: false

  /string-width/3.1.0:
    resolution: {integrity: sha1-InZ74htirxCBV0MG9prFG2IgOWE=, tarball: string-width/download/string-width-3.1.0.tgz?cache=0&sync_timestamp=1618559696693&other_urls=https%3A%2F%2Fregistry.npm.taobao.org%2Fstring-width%2Fdownload%2Fstring-width-3.1.0.tgz}
    engines: {node: '>=6'}
    dependencies:
      emoji-regex: 7.0.3
      is-fullwidth-code-point: 2.0.0
      strip-ansi: 5.2.0
    dev: true

  /string-width/4.2.2:
    resolution: {integrity: sha1-2v1PlVmnWFz7pSnGoKT3NIjr1MU=, tarball: string-width/download/string-width-4.2.2.tgz?cache=0&sync_timestamp=1618559696693&other_urls=https%3A%2F%2Fregistry.npm.taobao.org%2Fstring-width%2Fdownload%2Fstring-width-4.2.2.tgz}
    engines: {node: '>=8'}
    dependencies:
      emoji-regex: 8.0.0
      is-fullwidth-code-point: 3.0.0
      strip-ansi: 6.0.0
    dev: true

  /strip-ansi/5.2.0:
    resolution: {integrity: sha1-jJpTb+tq/JYr36WxBKUJHBrZwK4=, tarball: strip-ansi/download/strip-ansi-5.2.0.tgz}
    engines: {node: '>=6'}
    dependencies:
      ansi-regex: 4.1.0
    dev: true

  /strip-ansi/6.0.0:
    resolution: {integrity: sha1-CxVx3XZpzNTz4G4U7x7tJiJa5TI=, tarball: strip-ansi/download/strip-ansi-6.0.0.tgz}
    engines: {node: '>=8'}
    dependencies:
      ansi-regex: 5.0.0
    dev: true

  /strip-json-comments/2.0.1:
    resolution: {integrity: sha1-PFMZQukIwml8DsNEhYwobHygpgo=, tarball: strip-json-comments/download/strip-json-comments-2.0.1.tgz}
    engines: {node: '>=0.10.0'}
    dev: true

  /supports-color/5.5.0:
    resolution: {integrity: sha1-4uaaRKyHcveKHsCzW2id9lMO/I8=, tarball: supports-color/download/supports-color-5.5.0.tgz}
    engines: {node: '>=4'}
    dependencies:
      has-flag: 3.0.0
    dev: true

  /supports-color/7.2.0:
    resolution: {integrity: sha1-G33NyzK4E4gBs+R4umpRyqiWSNo=, tarball: supports-color/download/supports-color-7.2.0.tgz}
    engines: {node: '>=8'}
    dependencies:
      has-flag: 4.0.0
    dev: true

  /term-size/2.2.1:
    resolution: {integrity: sha1-KmpUhAQywvtjIP6g9BVTHpAYn1Q=, tarball: term-size/download/term-size-2.2.1.tgz}
    engines: {node: '>=8'}
    dev: true

  /to-regex-range/5.0.1:
    resolution: {integrity: sha1-FkjESq58jZiKMmAY7XL1tN0DkuQ=, tarball: to-regex-range/download/to-regex-range-5.0.1.tgz}
    engines: {node: '>=8.0'}
    dependencies:
      is-number: 7.0.0
    dev: true

  /toidentifier/1.0.0:
    resolution: {integrity: sha1-fhvjRw8ed5SLxD2Uo8j013UrpVM=, tarball: toidentifier/download/toidentifier-1.0.0.tgz}
    engines: {node: '>=0.6'}
    dev: false

  /touch/3.1.0:
    resolution: {integrity: sha1-/jZfX3XsntTlaCXgu3bSSrdK+Ds=, tarball: touch/download/touch-3.1.0.tgz?cache=0&sync_timestamp=1599140184794&other_urls=https%3A%2F%2Fregistry.npm.taobao.org%2Ftouch%2Fdownload%2Ftouch-3.1.0.tgz}
    hasBin: true
    dependencies:
      nopt: 1.0.10
    dev: true

  /type-is/1.6.18:
    resolution: {integrity: sha1-TlUs0F3wlGfcvE73Od6J8s83wTE=, tarball: type-is/download/type-is-1.6.18.tgz}
    engines: {node: '>= 0.6'}
    dependencies:
      media-typer: 0.3.0
      mime-types: 2.1.30
    dev: false

  /typedarray-to-buffer/3.1.5:
    resolution: {integrity: sha1-qX7nqf9CaRufeD/xvFES/j/KkIA=, tarball: typedarray-to-buffer/download/typedarray-to-buffer-3.1.5.tgz}
    dependencies:
      is-typedarray: 1.0.0
    dev: true

  /undefsafe/2.0.3:
    resolution: {integrity: sha1-axZucJStRjE7IgLafsws18xueq4=, tarball: undefsafe/download/undefsafe-2.0.3.tgz}
    dependencies:
      debug: 2.6.9
    dev: true

  /unique-string/2.0.0:
    resolution: {integrity: sha1-OcZFH4GvsnSd4rIz4/fF6IQ72J0=, tarball: unique-string/download/unique-string-2.0.0.tgz}
    engines: {node: '>=8'}
    dependencies:
      crypto-random-string: 2.0.0
    dev: true

  /unpipe/1.0.0:
    resolution: {integrity: sha1-sr9O6FFKrmFltIF4KdIbLvSZBOw=, tarball: unpipe/download/unpipe-1.0.0.tgz}
    engines: {node: '>= 0.8'}
    dev: false

  /update-notifier/4.1.0:
    resolution: {integrity: sha1-SGa5jDvFtUc8AgsSUFg2KPmjKPM=, tarball: update-notifier/download/update-notifier-4.1.0.tgz}
    engines: {node: '>=8'}
    dependencies:
      boxen: 4.2.0
      chalk: registry.nlark.com/chalk/3.0.0
      configstore: 5.0.1
      has-yarn: 2.1.0
      import-lazy: 2.1.0
      is-ci: 2.0.0
      is-installed-globally: 0.3.2
      is-npm: 4.0.0
      is-yarn-global: registry.nlark.com/is-yarn-global/0.3.0
      latest-version: 5.1.0
      pupa: 2.1.1
      semver-diff: registry.nlark.com/semver-diff/3.1.1
      xdg-basedir: 4.0.0
    dev: true

  /url-parse-lax/3.0.0:
    resolution: {integrity: sha1-FrXK/Afb42dsGxmZF3gj1lA6yww=, tarball: url-parse-lax/download/url-parse-lax-3.0.0.tgz}
    engines: {node: '>=4'}
    dependencies:
      prepend-http: 2.0.0
    dev: true

  /utils-merge/1.0.1:
    resolution: {integrity: sha1-n5VxD1CiZ5R7LMwSR0HBAoQn5xM=, tarball: utils-merge/download/utils-merge-1.0.1.tgz}
    engines: {node: '>= 0.4.0'}
    dev: false

  /vary/1.1.2:
    resolution: {integrity: sha1-IpnwLG3tMNSllhsLn3RSShj2NPw=, tarball: vary/download/vary-1.1.2.tgz}
    engines: {node: '>= 0.8'}
    dev: false

  /write-file-atomic/3.0.3:
    resolution: {integrity: sha1-Vr1cWlxwSBzRnFcb05q5ZaXeVug=, tarball: write-file-atomic/download/write-file-atomic-3.0.3.tgz?cache=0&sync_timestamp=1599089373857&other_urls=https%3A%2F%2Fregistry.npm.taobao.org%2Fwrite-file-atomic%2Fdownload%2Fwrite-file-atomic-3.0.3.tgz}
    dependencies:
      imurmurhash: 0.1.4
      is-typedarray: 1.0.0
      signal-exit: 3.0.3
      typedarray-to-buffer: 3.1.5
    dev: true

  /xdg-basedir/4.0.0:
    resolution: {integrity: sha1-S8jZmEQDaWIl74OhVzy7y0552xM=, tarball: xdg-basedir/download/xdg-basedir-4.0.0.tgz}
    engines: {node: '>=8'}
    dev: true

  registry.nlark.com/@sindresorhus/is/0.14.0:
    resolution: {integrity: sha1-n7OjzzEyMoFR81PeRjLgHlIQK+o=, registry: https://registry.npm.taobao.org/, tarball: https://registry.nlark.com/@sindresorhus/is/download/@sindresorhus/is-0.14.0.tgz}
    name: '@sindresorhus/is'
    version: 0.14.0
    engines: {node: '>=6'}
    dev: true

  registry.nlark.com/ansi-styles/4.3.0:
    resolution: {integrity: sha1-7dgDYornHATIWuegkG7a00tkiTc=, registry: https://registry.npm.taobao.org/, tarball: https://registry.nlark.com/ansi-styles/download/ansi-styles-4.3.0.tgz}
    name: ansi-styles
    version: 4.3.0
    engines: {node: '>=8'}
    dependencies:
      color-convert: 2.0.1
    dev: true

  registry.nlark.com/chalk/3.0.0:
    resolution: {integrity: sha1-P3PCv1JlkfV0zEksUeJFY0n4ROQ=, registry: https://registry.npm.taobao.org/, tarball: https://registry.nlark.com/chalk/download/chalk-3.0.0.tgz?cache=0&sync_timestamp=1618995384030&other_urls=https%3A%2F%2Fregistry.nlark.com%2Fchalk%2Fdownload%2Fchalk-3.0.0.tgz}
    name: chalk
    version: 3.0.0
    engines: {node: '>=8'}
    dependencies:
      ansi-styles: registry.nlark.com/ansi-styles/4.3.0
      supports-color: 7.2.0
    dev: true

  registry.nlark.com/follow-redirects/1.14.1:
    resolution: {integrity: sha1-2RFN7Qoc/dM04WTmZirQK/2R/0M=, registry: https://registry.npm.taobao.org/, tarball: https://registry.nlark.com/follow-redirects/download/follow-redirects-1.14.1.tgz}
    name: follow-redirects
    version: 1.14.1
    engines: {node: '>=4.0'}
    peerDependencies:
      debug: '*'
    peerDependenciesMeta:
      debug:
        optional: true
    dev: false

  registry.nlark.com/glob-parent/5.1.2:
    resolution: {integrity: sha1-hpgyxYA0/mikCTwX3BXoNA2EAcQ=, registry: https://registry.npm.taobao.org/, tarball: https://registry.nlark.com/glob-parent/download/glob-parent-5.1.2.tgz}
    name: glob-parent
    version: 5.1.2
    engines: {node: '>= 6'}
    dependencies:
      is-glob: 4.0.1
    dev: true

  registry.nlark.com/iconv-lite/0.4.24:
    resolution: {integrity: sha1-ICK0sl+93CHS9SSXSkdKr+czkIs=, registry: https://registry.npm.taobao.org/, tarball: https://registry.nlark.com/iconv-lite/download/iconv-lite-0.4.24.tgz?cache=0&sync_timestamp=1621826342262&other_urls=https%3A%2F%2Fregistry.nlark.com%2Ficonv-lite%2Fdownload%2Ficonv-lite-0.4.24.tgz}
    name: iconv-lite
    version: 0.4.24
    engines: {node: '>=0.10.0'}
    dependencies:
      safer-buffer: 2.1.2
    dev: false

  registry.nlark.com/is-path-inside/3.0.3:
    resolution: {integrity: sha1-0jE2LlOgf/Kw4Op/7QSRYf/RYoM=, registry: https://registry.npm.taobao.org/, tarball: https://registry.nlark.com/is-path-inside/download/is-path-inside-3.0.3.tgz}
    name: is-path-inside
    version: 3.0.3
    engines: {node: '>=8'}
    dev: true

  registry.nlark.com/is-yarn-global/0.3.0:
    resolution: {integrity: sha1-1QLTOCWQ6jAEiTdGdUyJE5lz4jI=, registry: https://registry.npm.taobao.org/, tarball: https://registry.nlark.com/is-yarn-global/download/is-yarn-global-0.3.0.tgz}
    name: is-yarn-global
    version: 0.3.0
    dev: true

  registry.nlark.com/nodemon/2.0.7:
    resolution: {integrity: sha1-bwMKCg6+PqG6Kjj3G/m6tIQc7TI=, registry: https://registry.npm.taobao.org/, tarball: https://registry.nlark.com/nodemon/download/nodemon-2.0.7.tgz}
    name: nodemon
    version: 2.0.7
    engines: {node: '>=8.10.0'}
    hasBin: true
    requiresBuild: true
    dependencies:
      chokidar: 3.5.1
      debug: 3.2.7
      ignore-by-default: 1.0.1
      minimatch: 3.0.4
      pstree.remy: 1.1.8
      semver: 5.7.1
      supports-color: 5.5.0
      touch: 3.1.0
      undefsafe: 2.0.3
      update-notifier: 4.1.0
    dev: true

  registry.nlark.com/normalize-url/4.5.0:
    resolution: {integrity: sha1-RTNUCH5sqWlXvY9br3U/WYIUISk=, registry: https://registry.npm.taobao.org/, tarball: https://registry.nlark.com/normalize-url/download/normalize-url-4.5.0.tgz}
    name: normalize-url
    version: 4.5.0
    engines: {node: '>=8'}
    dev: true

  registry.nlark.com/p-cancelable/1.1.0:
    resolution: {integrity: sha1-0HjRWjr0CSIMiG8dmgyi5EGrJsw=, registry: https://registry.npm.taobao.org/, tarball: https://registry.nlark.com/p-cancelable/download/p-cancelable-1.1.0.tgz}
    name: p-cancelable
    version: 1.1.0
    engines: {node: '>=6'}
    dev: true

  registry.nlark.com/picomatch/2.3.0:
    resolution: {integrity: sha1-8fBh3o9qS/AiiS4tEoI0+5gwKXI=, registry: https://registry.npm.taobao.org/, tarball: https://registry.nlark.com/picomatch/download/picomatch-2.3.0.tgz}
    name: picomatch
    version: 2.3.0
    engines: {node: '>=8.6'}
    dev: true

  registry.nlark.com/registry-url/5.1.0:
    resolution: {integrity: sha1-6YM0tQ1UNLgRNrROxjjZwgCcUAk=, registry: https://registry.npm.taobao.org/, tarball: https://registry.nlark.com/registry-url/download/registry-url-5.1.0.tgz}
    name: registry-url
    version: 5.1.0
    engines: {node: '>=8'}
    dependencies:
      rc: 1.2.8
    dev: true

  registry.nlark.com/semver-diff/3.1.1:
    resolution: {integrity: sha1-Bfd85Z8yXgDicGr9Z7tQbdscoys=, registry: https://registry.npm.taobao.org/, tarball: https://registry.nlark.com/semver-diff/download/semver-diff-3.1.1.tgz}
    name: semver-diff
    version: 3.1.1
    engines: {node: '>=8'}
    dependencies:
      semver: 6.3.0
    dev: true

  registry.nlark.com/to-readable-stream/1.0.0:
    resolution: {integrity: sha1-zgqgwvPfat+FLvtASng+d8BHV3E=, registry: https://registry.npm.taobao.org/, tarball: https://registry.nlark.com/to-readable-stream/download/to-readable-stream-1.0.0.tgz}
    name: to-readable-stream
    version: 1.0.0
    engines: {node: '>=6'}
    dev: true

  registry.nlark.com/type-fest/0.8.1:
    resolution: {integrity: sha1-CeJJ696FHTseSNJ8EFREZn8XuD0=, registry: https://registry.npm.taobao.org/, tarball: https://registry.nlark.com/type-fest/download/type-fest-0.8.1.tgz}
    name: type-fest
    version: 0.8.1
    engines: {node: '>=8'}
    dev: true

  registry.nlark.com/widest-line/3.1.0:
    resolution: {integrity: sha1-gpIzO79my0X/DeFgOxNreuFJbso=, registry: https://registry.npm.taobao.org/, tarball: https://registry.nlark.com/widest-line/download/widest-line-3.1.0.tgz}
    name: widest-line
    version: 3.1.0
    engines: {node: '>=8'}
    dependencies:
      string-width: 4.2.2
    dev: true

  registry.nlark.com/wrappy/1.0.2:
    resolution: {integrity: sha1-tSQ9jz7BqjXxNkYFvA0QNuMKtp8=, registry: https://registry.npm.taobao.org/, tarball: https://registry.nlark.com/wrappy/download/wrappy-1.0.2.tgz}
    name: wrappy
    version: 1.0.2
    dev: true
